# This file is @generated by PDM.
# It is not intended for manual editing.

[metadata]
groups = ["default"]
strategy = ["cross_platform", "inherit_metadata"]
lock_version = "4.4.2"
content_hash = "sha256:d092f35a4a6720712879c2fb8e0fb34962121b7beff3289800c89c215e10535b"

[[package]]
name = "haram-sub"
version = "0.1.3"
requires_python = ">=3.9"
summary = "Default template for PDM package"
groups = ["default"]
files = [
    {file = "haram_sub-0.1.3-py3-none-any.whl", hash = "sha256:0f3349fe1f3e259f3e7a31628eeb089f22d565677d8ef5a210746a0411531fa9"},
    {file = "haram_sub-0.1.3.tar.gz", hash = "sha256:d0f854a98a5c47b65e09e3eeb8f8219523daf0bbd055cd501cca8d55a54aa692"},
]

[[package]]
name = "haram-sum"
version = "0.1.6"
requires_python = ">=3.9"
summary = "Default template for PDM package"
groups = ["default"]
files = [
    {file = "haram_sum-0.1.6-py3-none-any.whl", hash = "sha256:f7c2bb3d10fc65809852ec3ce015d18cd3821104b98a652798affadafa8868f6"},
    {file = "haram_sum-0.1.6.tar.gz", hash = "sha256:4baabf12aab352d2a2b71eefcbe4ad23eeffc3e2d297e42fa9a41ed41004e2e4"},
]

[[package]]
name = "jeong-mul"
version = "0.1.3"
requires_python = ">=3.9"
summary = "Default template for PDM package"
groups = ["default"]
files = [
    {file = "jeong_mul-0.1.3-py3-none-any.whl", hash = "sha256:0cf45a29c67e322ace20711306e44cb0435f779c5d6f111cc452ccf07e60b247"},
    {file = "jeong_mul-0.1.3.tar.gz", hash = "sha256:a1b1a4a1a7ecde0d5a628062ab80ca19861e22fab46a6223ae9c754a34510a51"},
]
