# This file is @generated by PDM.
# It is not intended for manual editing.

[metadata]
groups = ["default"]
strategy = ["cross_platform", "inherit_metadata"]
lock_version = "4.4.2"
content_hash = "sha256:28805cf112151ccf985d25e6ea7ac09c493610a0787673278673241ba6f9add9"

[[package]]
name = "haram-sub"
version = "0.1.3"
requires_python = ">=3.9"
summary = "Default template for PDM package"
groups = ["default"]
files = [
    {file = "haram_sub-0.1.3-py3-none-any.whl", hash = "sha256:0f3349fe1f3e259f3e7a31628eeb089f22d565677d8ef5a210746a0411531fa9"},
    {file = "haram_sub-0.1.3.tar.gz", hash = "sha256:d0f854a98a5c47b65e09e3eeb8f8219523daf0bbd055cd501cca8d55a54aa692"},
]

[[package]]
name = "haram-sum"
version = "0.1.5"
requires_python = ">=3.9"
summary = "Default template for PDM package"
groups = ["default"]
files = [
    {file = "haram_sum-0.1.5-py3-none-any.whl", hash = "sha256:6c580081f0d9aa2c45d0099af75ed30d564a6bfdea8a700c9b50e86f52920487"},
    {file = "haram_sum-0.1.5.tar.gz", hash = "sha256:e99870e9fe8d930b6d8112aefb721087cec7ba01e7c87a1ba042b14c690ca9d2"},
]

[[package]]
name = "jeong-mul"
version = "0.1.3"
requires_python = ">=3.9"
summary = "Default template for PDM package"
groups = ["default"]
files = [
    {file = "jeong_mul-0.1.3-py3-none-any.whl", hash = "sha256:0cf45a29c67e322ace20711306e44cb0435f779c5d6f111cc452ccf07e60b247"},
    {file = "jeong_mul-0.1.3.tar.gz", hash = "sha256:a1b1a4a1a7ecde0d5a628062ab80ca19861e22fab46a6223ae9c754a34510a51"},
]
